// !$*UTF8*$!
{
	archiveVersion = 1;
	classes = {
	};
	objectVersion = 46;
	objects = {

/* Begin PBXBuildFile section */
		6EEE4B921B1545DD0023AD7A /* AppDelegate.swift in Sources */ = {isa = PBXBuildFile; fileRef = 6EEE4B911B1545DD0023AD7A /* AppDelegate.swift */; };
		6EEE4B941B1545DD0023AD7A /* ViewController.swift in Sources */ = {isa = PBXBuildFile; fileRef = 6EEE4B931B1545DD0023AD7A /* ViewController.swift */; };
		6EEE4B971B1545DD0023AD7A /* Main.storyboard in Resources */ = {isa = PBXBuildFile; fileRef = 6EEE4B951B1545DD0023AD7A /* Main.storyboard */; };
		6EEE4B991B1545DD0023AD7A /* Images.xcassets in Resources */ = {isa = PBXBuildFile; fileRef = 6EEE4B981B1545DD0023AD7A /* Images.xcassets */; };
		6EEE4B9C1B1545DD0023AD7A /* LaunchScreen.xib in Resources */ = {isa = PBXBuildFile; fileRef = 6EEE4B9A1B1545DD0023AD7A /* LaunchScreen.xib */; };
		6EEE4BA81B1545DD0023AD7A /* CalculatorTests.swift in Sources */ = {isa = PBXBuildFile; fileRef = 6EEE4BA71B1545DD0023AD7A /* CalculatorTests.swift */; };
/* End PBXBuildFile section */

/* Begin PBXContainerItemProxy section */
		6EEE4BA21B1545DD0023AD7A /* PBXContainerItemProxy */ = {
			isa = PBXContainerItemProxy;
			containerPortal = 6EEE4B841B1545DD0023AD7A /* Project object */;
			proxyType = 1;
			remoteGlobalIDString = 6EEE4B8B1B1545DD0023AD7A;
			remoteInfo = Calculator;
		};
/* End PBXContainerItemProxy section */

/* Begin PBXFileReference section */
		6EEE4B8C1B1545DD0023AD7A /* Calculator.app */ = {isa = PBXFileReference; explicitFileType = wrapper.application; includeInIndex = 0; path = Calculator.app; sourceTree = BUILT_PRODUCTS_DIR; };
		6EEE4B901B1545DD0023AD7A /* Info.plist */ = {isa = PBXFileReference; lastKnownFileType = text.plist.xml; path = Info.plist; sourceTree = "<group>"; };
		6EEE4B911B1545DD0023AD7A /* AppDelegate.swift */ = {isa = PBXFileReference; lastKnownFileType = sourcecode.swift; path = AppDelegate.swift; sourceTree = "<group>"; };
		6EEE4B931B1545DD0023AD7A /* ViewController.swift */ = {isa = PBXFileReference; lastKnownFileType = sourcecode.swift; path = ViewController.swift; sourceTree = "<group>"; };
		6EEE4B961B1545DD0023AD7A /* Base */ = {isa = PBXFileReference; lastKnownFileType = file.storyboard; name = Base; path = Base.lproj/Main.storyboard; sourceTree = "<group>"; };
		6EEE4B981B1545DD0023AD7A /* Images.xcassets */ = {isa = PBXFileReference; lastKnownFileType = folder.assetcatalog; path = Images.xcassets; sourceTree = "<group>"; };
		6EEE4B9B1B1545DD0023AD7A /* Base */ = {isa = PBXFileReference; lastKnownFileType = file.xib; name = Base; path = Base.lproj/LaunchScreen.xib; sourceTree = "<group>"; };
		6EEE4BA11B1545DD0023AD7A /* CalculatorTests.xctest */ = {isa = PBXFileReference; explicitFileType = wrapper.cfbundle; includeInIndex = 0; path = CalculatorTests.xctest; sourceTree = BUILT_PRODUCTS_DIR; };
		6EEE4BA61B1545DD0023AD7A /* Info.plist */ = {isa = PBXFileReference; lastKnownFileType = text.plist.xml; path = Info.plist; sourceTree = "<group>"; };
		6EEE4BA71B1545DD0023AD7A /* CalculatorTests.swift */ = {isa = PBXFileReference; lastKnownFileType = sourcecode.swift; path = CalculatorTests.swift; sourceTree = "<group>"; };
/* End PBXFileReference section */

/* Begin PBXFrameworksBuildPhase section */
		6EEE4B891B1545DD0023AD7A /* Frameworks */ = {
			isa = PBXFrameworksBuildPhase;
			buildActionMask = 2147483647;
			files = (
			);
			runOnlyForDeploymentPostprocessing = 0;
		};
		6EEE4B9E1B1545DD0023AD7A /* Frameworks */ = {
			isa = PBXFrameworksBuildPhase;
			buildActionMask = 2147483647;
			files = (
			);
			runOnlyForDeploymentPostprocessing = 0;
		};
/* End PBXFrameworksBuildPhase section */

/* Begin PBXGroup section */
		6EEE4B831B1545DD0023AD7A = {
			isa = PBXGroup;
			children = (
				6EEE4B8E1B1545DD0023AD7A /* Calculator */,
				6EEE4BA41B1545DD0023AD7A /* CalculatorTests */,
				6EEE4B8D1B1545DD0023AD7A /* Products */,
			);
			sourceTree = "<group>";
		};
		6EEE4B8D1B1545DD0023AD7A /* Products */ = {
			isa = PBXGroup;
			children = (
				6EEE4B8C1B1545DD0023AD7A /* Calculator.app */,
				6EEE4BA11B1545DD0023AD7A /* CalculatorTests.xctest */,
			);
			name = Products;
			sourceTree = "<group>";
		};
		6EEE4B8E1B1545DD0023AD7A /* Calculator */ = {
			isa = PBXGroup;
			children = (
				6EEE4B931B1545DD0023AD7A /* ViewController.swift */,
				6EEE4B951B1545DD0023AD7A /* Main.storyboard */,
				6EEE4B8F1B1545DD0023AD7A /* Supporting Files */,
			);
			path = Calculator;
			sourceTree = "<group>";
		};
		6EEE4B8F1B1545DD0023AD7A /* Supporting Files */ = {
			isa = PBXGroup;
			children = (
				6EEE4B981B1545DD0023AD7A /* Images.xcassets */,
				6EEE4B911B1545DD0023AD7A /* AppDelegate.swift */,
				6EEE4B9A1B1545DD0023AD7A /* LaunchScreen.xib */,
				6EEE4B901B1545DD0023AD7A /* Info.plist */,
			);
			name = "Supporting Files";
			sourceTree = "<group>";
		};
		6EEE4BA41B1545DD0023AD7A /* CalculatorTests */ = {
			isa = PBXGroup;
			children = (
				6EEE4BA71B1545DD0023AD7A /* CalculatorTests.swift */,
				6EEE4BA51B1545DD0023AD7A /* Supporting Files */,
			);
			path = CalculatorTests;
			sourceTree = "<group>";
		};
		6EEE4BA51B1545DD0023AD7A /* Supporting Files */ = {
			isa = PBXGroup;
			children = (
				6EEE4BA61B1545DD0023AD7A /* Info.plist */,
			);
			name = "Supporting Files";
			sourceTree = "<group>";
		};
/* End PBXGroup section */

/* Begin PBXNativeTarget section */
		6EEE4B8B1B1545DD0023AD7A /* Calculator */ = {
			isa = PBXNativeTarget;
			buildConfigurationList = 6EEE4BAB1B1545DD0023AD7A /* Build configuration list for PBXNativeTarget "Calculator" */;
			buildPhases = (
				6EEE4B881B1545DD0023AD7A /* Sources */,
				6EEE4B891B1545DD0023AD7A /* Frameworks */,
				6EEE4B8A1B1545DD0023AD7A /* Resources */,
			);
			buildRules = (
			);
			dependencies = (
			);
			name = Calculator;
			productName = Calculator;
			productReference = 6EEE4B8C1B1545DD0023AD7A /* Calculator.app */;
			productType = "com.apple.product-type.application";
		};
		6EEE4BA01B1545DD0023AD7A /* CalculatorTests */ = {
			isa = PBXNativeTarget;
			buildConfigurationList = 6EEE4BAE1B1545DD0023AD7A /* Build configuration list for PBXNativeTarget "CalculatorTests" */;
			buildPhases = (
				6EEE4B9D1B1545DD0023AD7A /* Sources */,
				6EEE4B9E1B1545DD0023AD7A /* Frameworks */,
				6EEE4B9F1B1545DD0023AD7A /* Resources */,
			);
			buildRules = (
			);
			dependencies = (
				6EEE4BA31B1545DD0023AD7A /* PBXTargetDependency */,
			);
			name = CalculatorTests;
			productName = CalculatorTests;
			productReference = 6EEE4BA11B1545DD0023AD7A /* CalculatorTests.xctest */;
			productType = "com.apple.product-type.bundle.unit-test";
		};
/* End PBXNativeTarget section */

/* Begin PBXProject section */
		6EEE4B841B1545DD0023AD7A /* Project object */ = {
			isa = PBXProject;
			attributes = {
				LastUpgradeCheck = 0630;
				ORGANIZATIONNAME = "Cyrus Vandrevala";
				TargetAttributes = {
					6EEE4B8B1B1545DD0023AD7A = {
						CreatedOnToolsVersion = 6.3.2;
					};
					6EEE4BA01B1545DD0023AD7A = {
						CreatedOnToolsVersion = 6.3.2;
						TestTargetID = 6EEE4B8B1B1545DD0023AD7A;
					};
				};
			};
			buildConfigurationList = 6EEE4B871B1545DD0023AD7A /* Build configuration list for PBXProject "Calculator" */;
			compatibilityVersion = "Xcode 3.2";
			developmentRegion = English;
			hasScannedForEncodings = 0;
			knownRegions = (
				en,
				Base,
			);
			mainGroup = 6EEE4B831B1545DD0023AD7A;
			productRefGroup = 6EEE4B8D1B1545DD0023AD7A /* Products */;
			projectDirPath = "";
			projectRoot = "";
			targets = (
				6EEE4B8B1B1545DD0023AD7A /* Calculator */,
				6EEE4BA01B1545DD0023AD7A /* CalculatorTests */,
			);
		};
/* End PBXProject section */

/* Begin PBXResourcesBuildPhase section */
		6EEE4B8A1B1545DD0023AD7A /* Resources */ = {
			isa = PBXResourcesBuildPhase;
			buildActionMask = 2147483647;
			files = (
				6EEE4B971B1545DD0023AD7A /* Main.storyboard in Resources */,
				6EEE4B9C1B1545DD0023AD7A /* LaunchScreen.xib in Resources */,
				6EEE4B991B1545DD0023AD7A /* Images.xcassets in Resources */,
			);
			runOnlyForDeploymentPostprocessing = 0;
		};
		6EEE4B9F1B1545DD0023AD7A /* Resources */ = {
			isa = PBXResourcesBuildPhase;
			buildActionMask = 2147483647;
			files = (
			);
			runOnlyForDeploymentPostprocessing = 0;
		};
/* End PBXResourcesBuildPhase section */

/* Begin PBXSourcesBuildPhase section */
		6EEE4B881B1545DD0023AD7A /* Sources */ = {
			isa = PBXSourcesBuildPhase;
			buildActionMask = 2147483647;
			files = (
				6EEE4B941B1545DD0023AD7A /* ViewController.swift in Sources */,
				6EEE4B921B1545DD0023AD7A /* AppDelegate.swift in Sources */,
			);
			runOnlyForDeploymentPostprocessing = 0;
		};
		6EEE4B9D1B1545DD0023AD7A /* Sources */ = {
			isa = PBXSourcesBuildPhase;
			buildActionMask = 2147483647;
			files = (
				6EEE4BA81B1545DD0023AD7A /* CalculatorTests.swift in Sources */,
			);
			runOnlyForDeploymentPostprocessing = 0;
		};
/* End PBXSourcesBuildPhase section */

/* Begin PBXTargetDependency section */
		6EEE4BA31B1545DD0023AD7A /* PBXTargetDependency */ = {
			isa = PBXTargetDependency;
			target = 6EEE4B8B1B1545DD0023AD7A /* Calculator */;
			targetProxy = 6EEE4BA21B1545DD0023AD7A /* PBXContainerItemProxy */;
		};
/* End PBXTargetDependency section */

/* Begin PBXVariantGroup section */
		6EEE4B951B1545DD0023AD7A /* Main.storyboard */ = {
			isa = PBXVariantGroup;
			children = (
				6EEE4B961B1545DD0023AD7A /* Base */,
			);
			name = Main.storyboard;
			sourceTree = "<group>";
		};
		6EEE4B9A1B1545DD0023AD7A /* LaunchScreen.xib */ = {
			isa = PBXVariantGroup;
			children = (
				6EEE4B9B1B1545DD0023AD7A /* Base */,
			);
			name = LaunchScreen.xib;
			sourceTree = "<group>";
		};
/* End PBXVariantGroup section */

/* Begin XCBuildConfiguration section */
		6EEE4BA91B1545DD0023AD7A /* Debug */ = {
			isa = XCBuildConfiguration;
			buildSettings = {
				ALWAYS_SEARCH_USER_PATHS = NO;
				CLANG_CXX_LANGUAGE_STANDARD = "gnu++0x";
				CLANG_CXX_LIBRARY = "libc++";
				CLANG_ENABLE_MODULES = YES;
				CLANG_ENABLE_OBJC_ARC = YES;
				CLANG_WARN_BOOL_CONVERSION = YES;
				CLANG_WARN_CONSTANT_CONVERSION = YES;
				CLANG_WARN_DIRECT_OBJC_ISA_USAGE = YES_ERROR;
				CLANG_WARN_EMPTY_BODY = YES;
				CLANG_WARN_ENUM_CONVERSION = YES;
				CLANG_WARN_INT_CONVERSION = YES;
				CLANG_WARN_OBJC_ROOT_CLASS = YES_ERROR;
				CLANG_WARN_UNREACHABLE_CODE = YES;
				CLANG_WARN__DUPLICATE_METHOD_MATCH = YES;
				"CODE_SIGN_IDENTITY[sdk=iphoneos*]" = "iPhone Developer";
				COPY_PHASE_STRIP = NO;
				DEBUG_INFORMATION_FORMAT = "dwarf-with-dsym";
				ENABLE_STRICT_OBJC_MSGSEND = YES;
				GCC_C_LANGUAGE_STANDARD = gnu99;
				GCC_DYNAMIC_NO_PIC = NO;
				GCC_NO_COMMON_BLOCKS = YES;
				GCC_OPTIMIZATION_LEVEL = 0;
				GCC_PREPROCESSOR_DEFINITIONS = (
					"DEBUG=1",
					"$(inherited)",
				);
				GCC_SYMBOLS_PRIVATE_EXTERN = NO;
				GCC_WARN_64_TO_32_BIT_CONVERSION = YES;
				GCC_WARN_ABOUT_RETURN_TYPE = YES_ERROR;
				GCC_WARN_UNDECLARED_SELECTOR = YES;
				GCC_WARN_UNINITIALIZED_AUTOS = YES_AGGRESSIVE;
				GCC_WARN_UNUSED_FUNCTION = YES;
				GCC_WARN_UNUSED_VARIABLE = YES;
				IPHONEOS_DEPLOYMENT_TARGET = 8.3;
				MTL_ENABLE_DEBUG_INFO = YES;
				ONLY_ACTIVE_ARCH = YES;
				SDKROOT = iphoneos;
				SWIFT_OPTIMIZATION_LEVEL = "-Onone";
				TARGETED_DEVICE_FAMILY = "1,2";
			};
			name = Debug;
		};
		6EEE4BAA1B1545DD0023AD7A /* Release */ = {
			isa = XCBuildConfiguration;
			buildSettings = {
				ALWAYS_SEARCH_USER_PATHS = NO;
				CLANG_CXX_LANGUAGE_STANDARD = "gnu++0x";
				CLANG_CXX_LIBRARY = "libc++";
				CLANG_ENABLE_MODULES = YES;
				CLANG_ENABLE_OBJC_ARC = YES;
				CLANG_WARN_BOOL_CONVERSION = YES;
				CLANG_WARN_CONSTANT_CONVERSION = YES;
				CLANG_WARN_DIRECT_OBJC_ISA_USAGE = YES_ERROR;
				CLANG_WARN_EMPTY_BODY = YES;
				CLANG_WARN_ENUM_CONVERSION = YES;
				CLANG_WARN_INT_CONVERSION = YES;
				CLANG_WARN_OBJC_ROOT_CLASS = YES_ERROR;
				CLANG_WARN_UNREACHABLE_CODE = YES;
				CLANG_WARN__DUPLICATE_METHOD_MATCH = YES;
				"CODE_SIGN_IDENTITY[sdk=iphoneos*]" = "iPhone Developer";
				COPY_PHASE_STRIP = NO;
				DEBUG_INFORMATION_FORMAT = "dwarf-with-dsym";
				ENABLE_NS_ASSERTIONS = NO;
				ENABLE_STRICT_OBJC_MSGSEND = YES;
				GCC_C_LANGUAGE_STANDARD = gnu99;
				GCC_NO_COMMON_BLOCKS = YES;
				GCC_WARN_64_TO_32_BIT_CONVERSION = YES;
				GCC_WARN_ABOUT_RETURN_TYPE = YES_ERROR;
				GCC_WARN_UNDECLARED_SELECTOR = YES;
				GCC_WARN_UNINITIALIZED_AUTOS = YES_AGGRESSIVE;
				GCC_WARN_UNUSED_FUNCTION = YES;
				GCC_WARN_UNUSED_VARIABLE = YES;
				IPHONEOS_DEPLOYMENT_TARGET = 8.3;
				MTL_ENABLE_DEBUG_INFO = NO;
				SDKROOT = iphoneos;
				TARGETED_DEVICE_FAMILY = "1,2";
				VALIDATE_PRODUCT = YES;
			};
			name = Release;
		};
		6EEE4BAC1B1545DD0023AD7A /* Debug */ = {
			isa = XCBuildConfiguration;
			buildSettings = {
				ASSETCATALOG_COMPILER_APPICON_NAME = AppIcon;
				INFOPLIST_FILE = Calculator/Info.plist;
				LD_RUNPATH_SEARCH_PATHS = "$(inherited) @executable_path/Frameworks";
				PRODUCT_NAME = "$(TARGET_NAME)";
			};
			name = Debug;
		};
		6EEE4BAD1B1545DD0023AD7A /* Release */ = {
			isa = XCBuildConfiguration;
			buildSettings = {
				ASSETCATALOG_COMPILER_APPICON_NAME = AppIcon;
				INFOPLIST_FILE = Calculator/Info.plist;
				LD_RUNPATH_SEARCH_PATHS = "$(inherited) @executable_path/Frameworks";
				PRODUCT_NAME = "$(TARGET_NAME)";
			};
			name = Release;
		};
		6EEE4BAF1B1545DD0023AD7A /* Debug */ = {
			isa = XCBuildConfiguration;
			buildSettings = {
				BUNDLE_LOADER = "$(TEST_HOST)";
				FRAMEWORK_SEARCH_PATHS = (
					"$(SDKROOT)/Developer/Library/Frameworks",
					"$(inherited)",
				);
				GCC_PREPROCESSOR_DEFINITIONS = (
					"DEBUG=1",
					"$(inherited)",
				);
				INFOPLIST_FILE = CalculatorTests/Info.plist;
				LD_RUNPATH_SEARCH_PATHS = "$(inherited) @executable_path/Frameworks @loader_path/Frameworks";
				PRODUCT_NAME = "$(TARGET_NAME)";
				TEST_HOST = "$(BUILT_PRODUCTS_DIR)/Calculator.app/Calculator";
			};
			name = Debug;
		};
		6EEE4BB01B1545DD0023AD7A /* Release */ = {
			isa = XCBuildConfiguration;
			buildSettings = {
				BUNDLE_LOADER = "$(TEST_HOST)";
				FRAMEWORK_SEARCH_PATHS = (
					"$(SDKROOT)/Developer/Library/Frameworks",
					"$(inherited)",
				);
				INFOPLIST_FILE = CalculatorTests/Info.plist;
				LD_RUNPATH_SEARCH_PATHS = "$(inherited) @executable_path/Frameworks @loader_path/Frameworks";
				PRODUCT_NAME = "$(TARGET_NAME)";
				TEST_HOST = "$(BUILT_PRODUCTS_DIR)/Calculator.app/Calculator";
			};
			name = Release;
		};
/* End XCBuildConfiguration section */

/* Begin XCConfigurationList section */
		6EEE4B871B1545DD0023AD7A /* Build configuration list for PBXProject "Calculator" */ = {
			isa = XCConfigurationList;
			buildConfigurations = (
				6EEE4BA91B1545DD0023AD7A /* Debug */,
				6EEE4BAA1B1545DD0023AD7A /* Release */,
			);
			defaultConfigurationIsVisible = 0;
			defaultConfigurationName = Release;
		};
		6EEE4BAB1B1545DD0023AD7A /* Build configuration list for PBXNativeTarget "Calculator" */ = {
			isa = XCConfigurationList;
			buildConfigurations = (
				6EEE4BAC1B1545DD0023AD7A /* Debug */,
				6EEE4BAD1B1545DD0023AD7A /* Release */,
			);
			defaultConfigurationIsVisible = 0;
			defaultConfigurationName = Release;
		};
		6EEE4BAE1B1545DD0023AD7A /* Build configuration list for PBXNativeTarget "CalculatorTests" */ = {
			isa = XCConfigurationList;
			buildConfigurations = (
				6EEE4BAF1B1545DD0023AD7A /* Debug */,
				6EEE4BB01B1545DD0023AD7A /* Release */,
			);
			defaultConfigurationIsVisible = 0;
			defaultConfigurationName = Release;
		};
/* End XCConfigurationList section */
	};
	rootObject = 6EEE4B841B1545DD0023AD7A /* Project object */;
}
